
Microsoft Visual Studio Solution File, Format Version 12.00
# Visual Studio Version 17
VisualStudioVersion = 17.0.31919.166
MinimumVisualStudioVersion = 10.0.40219.1
Project("{FAE04EC0-301F-11D3-BF4B-00C04F79EFBC}") = "Infrastructure", "Infrastructure\Infrastructure.csproj", "{784171A2-DE4E-46D7-B3C1-BDA68AEB5D3A}"
EndProject
Project("{FAE04EC0-301F-11D3-BF4B-00C04F79EFBC}") = "Services", "Services\Services.csproj", "{2026100F-A732-4193-8353-E4F59B405F82}"
EndProject
Project("{FAE04EC0-301F-11D3-BF4B-00C04F79EFBC}") = "Api", "Api\Api.csproj", "{A37C8AA5-CB47-4999-8257-2B1FDFDEC4B2}"
EndProject
Global
	GlobalSection(SolutionConfigurationPlatforms) = preSolution
		Debug|Any CPU = Debug|Any CPU
		Release|Any CPU = Release|Any CPU
	EndGlobalSection
	GlobalSection(ProjectConfigurationPlatforms) = postSolution
		{784171A2-DE4E-46D7-B3C1-BDA68AEB5D3A}.Debug|Any CPU.ActiveCfg = Debug|Any CPU
		{784171A2-DE4E-46D7-B3C1-BDA68AEB5D3A}.Debug|Any CPU.Build.0 = Debug|Any CPU
		{784171A2-DE4E-46D7-B3C1-BDA68AEB5D3A}.Release|Any CPU.ActiveCfg = Release|Any CPU
		{784171A2-DE4E-46D7-B3C1-BDA68AEB5D3A}.Release|Any CPU.Build.0 = Release|Any CPU
		{2026100F-A732-4193-8353-E4F59B405F82}.Debug|Any CPU.ActiveCfg = Debug|Any CPU
		{2026100F-A732-4193-8353-E4F59B405F82}.Debug|Any CPU.Build.0 = Debug|Any CPU
		{2026100F-A732-4193-8353-E4F59B405F82}.Release|Any CPU.ActiveCfg = Release|Any CPU
		{2026100F-A732-4193-8353-E4F59B405F82}.Release|Any CPU.Build.0 = Release|Any CPU
		{A37C8AA5-CB47-4999-8257-2B1FDFDEC4B2}.Debug|Any CPU.ActiveCfg = Debug|Any CPU
		{A37C8AA5-CB47-4999-8257-2B1FDFDEC4B2}.Debug|Any CPU.Build.0 = Debug|Any CPU
		{A37C8AA5-CB47-4999-8257-2B1FDFDEC4B2}.Release|Any CPU.ActiveCfg = Release|Any CPU
		{A37C8AA5-CB47-4999-8257-2B1FDFDEC4B2}.Release|Any CPU.Build.0 = Release|Any CPU
	EndGlobalSection
	GlobalSection(SolutionProperties) = preSolution
		HideSolutionNode = FALSE
	EndGlobalSection
	GlobalSection(ExtensibilityGlobals) = postSolution
		SolutionGuid = {0F0D27F7-EDF9-4E7B-88FE-FB935DEBDE9D}
	EndGlobalSection
EndGlobal
